
Microsoft Visual Studio Solution File, Format Version 10.00
# Visual Studio 2008
Project("{FAE04EC0-301F-11D3-BF4B-00C04F79EFBC}") = "UDPClient", "UDPClient\UDPClient.csproj", "{14EC2AF4-34F6-481F-B42D-34CBFC5D1FAC}"
EndProject
Global
	GlobalSection(SolutionConfigurationPlatforms) = preSolution
		Debug|Any CPU = Debug|Any CPU
		Release|Any CPU = Release|Any CPU
	EndGlobalSection
	GlobalSection(ProjectConfigurationPlatforms) = postSolution
		{14EC2AF4-34F6-481F-B42D-34CBFC5D1FAC}.Debug|Any CPU.ActiveCfg = Debug|Any CPU
		{14EC2AF4-34F6-481F-B42D-34CBFC5D1FAC}.Debug|Any CPU.Build.0 = Debug|Any CPU
		{14EC2AF4-34F6-481F-B42D-34CBFC5D1FAC}.Release|Any CPU.ActiveCfg = Release|Any CPU
		{14EC2AF4-34F6-481F-B42D-34CBFC5D1FAC}.Release|Any CPU.Build.0 = Release|Any CPU
	EndGlobalSection
	GlobalSection(SolutionProperties) = preSolution
		HideSolutionNode = FALSE
	EndGlobalSection
EndGlobal
